
Microsoft Visual Studio Solution File, Format Version 11.00
# Visual Studio 2010
Project("{FAE04EC0-301F-11D3-BF4B-00C04F79EFBC}") = "Assembly-CSharp", "Assembly-CSharp.csproj", "{6C5B4054-616A-ECC1-F7BA-B3915E568510}"
EndProject
Project("{FAE04EC0-301F-11D3-BF4B-00C04F79EFBC}") = "Assembly-CSharp-Editor", "Assembly-CSharp-Editor.csproj", "{886D0DF2-78B2-7F01-6731-F38072BF25C4}"
EndProject
Global
	GlobalSection(SolutionConfigurationPlatforms) = preSolution
		Debug|Any CPU = Debug|Any CPU
		Release|Any CPU = Release|Any CPU
	EndGlobalSection
	GlobalSection(ProjectConfigurationPlatforms) = postSolution
		{6C5B4054-616A-ECC1-F7BA-B3915E568510}.Debug|Any CPU.ActiveCfg = Debug|Any CPU
		{6C5B4054-616A-ECC1-F7BA-B3915E568510}.Debug|Any CPU.Build.0 = Debug|Any CPU
		{6C5B4054-616A-ECC1-F7BA-B3915E568510}.Release|Any CPU.ActiveCfg = Release|Any CPU
		{6C5B4054-616A-ECC1-F7BA-B3915E568510}.Release|Any CPU.Build.0 = Release|Any CPU
		{886D0DF2-78B2-7F01-6731-F38072BF25C4}.Debug|Any CPU.ActiveCfg = Debug|Any CPU
		{886D0DF2-78B2-7F01-6731-F38072BF25C4}.Debug|Any CPU.Build.0 = Debug|Any CPU
		{886D0DF2-78B2-7F01-6731-F38072BF25C4}.Release|Any CPU.ActiveCfg = Release|Any CPU
		{886D0DF2-78B2-7F01-6731-F38072BF25C4}.Release|Any CPU.Build.0 = Release|Any CPU
	EndGlobalSection
	GlobalSection(SolutionProperties) = preSolution
		HideSolutionNode = FALSE
	EndGlobalSection
	GlobalSection(MonoDevelopProperties) = preSolution
		StartupItem = Assembly-CSharp.csproj
	EndGlobalSection
EndGlobal
