
Microsoft Visual Studio Solution File, Format Version 11.00
# Visual Studio 2010
Project("{FAE04EC0-301F-11D3-BF4B-00C04F79EFBC}") = "Assembly-CSharp", "Assembly-CSharp.csproj", "{43385047-80F7-1939-DE69-84C6AE8F06D0}"
EndProject
Project("{FAE04EC0-301F-11D3-BF4B-00C04F79EFBC}") = "Assembly-CSharp-Editor", "Assembly-CSharp-Editor.csproj", "{2D207979-596A-56E8-F654-CA1A4030EE07}"
EndProject
Global
	GlobalSection(SolutionConfigurationPlatforms) = preSolution
		Debug|Any CPU = Debug|Any CPU
		Release|Any CPU = Release|Any CPU
	EndGlobalSection
	GlobalSection(ProjectConfigurationPlatforms) = postSolution
		{43385047-80F7-1939-DE69-84C6AE8F06D0}.Debug|Any CPU.ActiveCfg = Debug|Any CPU
		{43385047-80F7-1939-DE69-84C6AE8F06D0}.Debug|Any CPU.Build.0 = Debug|Any CPU
		{43385047-80F7-1939-DE69-84C6AE8F06D0}.Release|Any CPU.ActiveCfg = Release|Any CPU
		{43385047-80F7-1939-DE69-84C6AE8F06D0}.Release|Any CPU.Build.0 = Release|Any CPU
		{2D207979-596A-56E8-F654-CA1A4030EE07}.Debug|Any CPU.ActiveCfg = Debug|Any CPU
		{2D207979-596A-56E8-F654-CA1A4030EE07}.Debug|Any CPU.Build.0 = Debug|Any CPU
		{2D207979-596A-56E8-F654-CA1A4030EE07}.Release|Any CPU.ActiveCfg = Release|Any CPU
		{2D207979-596A-56E8-F654-CA1A4030EE07}.Release|Any CPU.Build.0 = Release|Any CPU
	EndGlobalSection
	GlobalSection(SolutionProperties) = preSolution
		HideSolutionNode = FALSE
	EndGlobalSection
	GlobalSection(MonoDevelopProperties) = preSolution
		StartupItem = Assembly-CSharp.csproj
	EndGlobalSection
EndGlobal
